// !$*UTF8*$!
{
	archiveVersion = 1;
	classes = {
	};
	objectVersion = 55;
	objects = {

/* Begin PBXBuildFile section */
		8D0A822627DB128F009384D9 /* SheftAppsStylishUI.h in Headers */ = {isa = PBXBuildFile; fileRef = 8D0A822527DB128F009384D9 /* SheftAppsStylishUI.h */; settings = {ATTRIBUTES = (Public, ); }; };
		8D0A823027DB129C009384D9 /* Globals.swift in Sources */ = {isa = PBXBuildFile; fileRef = 8D0A822C27DB129B009384D9 /* Globals.swift */; };
		8D0A823127DB129C009384D9 /* SAMButton.swift in Sources */ = {isa = PBXBuildFile; fileRef = 8D0A822D27DB129B009384D9 /* SAMButton.swift */; };
		8D0A823227DB129C009384D9 /* SAMVerticallyCenteredTextCell.swift in Sources */ = {isa = PBXBuildFile; fileRef = 8D0A822E27DB129C009384D9 /* SAMVerticallyCenteredTextCell.swift */; };
		8D0A823327DB129C009384D9 /* SAMPopup.swift in Sources */ = {isa = PBXBuildFile; fileRef = 8D0A822F27DB129C009384D9 /* SAMPopup.swift */; };
		8D1015B62B684A9800D10DEC /* ListColorPicker.swift in Sources */ = {isa = PBXBuildFile; fileRef = 8D1015B52B684A9800D10DEC /* ListColorPicker.swift */; };
		8D1448A42CA2024E00D1E01E /* CircleCheckboxToggleStyle.swift in Sources */ = {isa = PBXBuildFile; fileRef = 8D1448A32CA2024E00D1E01E /* CircleCheckboxToggleStyle.swift */; };
		8D2ABA0C2B3642E30094D57B /* ColorComponents.swift in Sources */ = {isa = PBXBuildFile; fileRef = 8D2ABA0B2B3642E30094D57B /* ColorComponents.swift */; };
		8D2ABA0E2B364B680094D57B /* ClearSupportedColorPicker.swift in Sources */ = {isa = PBXBuildFile; fileRef = 8D2ABA0D2B364B680094D57B /* ClearSupportedColorPicker.swift */; };
		8D34D72F2B58C89600030AB5 /* StateLabelCheckboxToggleStyle.swift in Sources */ = {isa = PBXBuildFile; fileRef = 8D34D72E2B58C89600030AB5 /* StateLabelCheckboxToggleStyle.swift */; };
		8D3E75442B4F484100522BB8 /* SAMPopupSwiftUIRepresentable.swift in Sources */ = {isa = PBXBuildFile; fileRef = 8D3E75432B4F484100522BB8 /* SAMPopupSwiftUIRepresentable.swift */; };
		8D3E75462B4F487800522BB8 /* SAMPulldownSwiftUIRepresentable.swift in Sources */ = {isa = PBXBuildFile; fileRef = 8D3E75452B4F487800522BB8 /* SAMPulldownSwiftUIRepresentable.swift */; };
		8D3E75482B4F489E00522BB8 /* FormSAMPopup.swift in Sources */ = {isa = PBXBuildFile; fileRef = 8D3E75472B4F489E00522BB8 /* FormSAMPopup.swift */; };
		8D3E754B2B50704800522BB8 /* README.md in Resources */ = {isa = PBXBuildFile; fileRef = 8D3E754A2B50704800522BB8 /* README.md */; };
		8D3E75512B5702B500522BB8 /* SAIAccessibleButton.swift in Sources */ = {isa = PBXBuildFile; fileRef = 8D3E75502B5702B500522BB8 /* SAIAccessibleButton.swift */; };
		8D3E75592B57597000522BB8 /* SAMButtonSwiftUIRepresentable.swift in Sources */ = {isa = PBXBuildFile; fileRef = 8D3E75582B57597000522BB8 /* SAMButtonSwiftUIRepresentable.swift */; };
		8D5511422B06B4DB00BB61D4 /* FormTextField.swift in Sources */ = {isa = PBXBuildFile; fileRef = 8D5511412B06B4DB00BB61D4 /* FormTextField.swift */; };
		8D5E25072B5CC0F100B51730 /* FormNumericTextFieldStepperVisibilityModifier.swift in Sources */ = {isa = PBXBuildFile; fileRef = 8D5E25062B5CC0F100B51730 /* FormNumericTextFieldStepperVisibilityModifier.swift */; };
		8D5E250B2B5F20BA00B51730 /* VoicePicker.swift in Sources */ = {isa = PBXBuildFile; fileRef = 8D5E250A2B5F20BA00B51730 /* VoicePicker.swift */; };
		8D5E250E2B5F247900B51730 /* IdentifiableVoiceExtension.swift in Sources */ = {isa = PBXBuildFile; fileRef = 8D5E250D2B5F247900B51730 /* IdentifiableVoiceExtension.swift */; };
		8D5E25102B5F821F00B51730 /* ClosedRangeExtension.swift in Sources */ = {isa = PBXBuildFile; fileRef = 8D5E250F2B5F821F00B51730 /* ClosedRangeExtension.swift */; };
		8D64DF922B210A3700D7142D /* InfoButton.swift in Sources */ = {isa = PBXBuildFile; fileRef = 8D64DF912B210A3700D7142D /* InfoButton.swift */; };
		8D743DB7281B3CDF007D7264 /* SAMButtonBorderable.swift in Sources */ = {isa = PBXBuildFile; fileRef = 8D743DB6281B3CDF007D7264 /* SAMButtonBorderable.swift */; };
		8D77387F2D837DFC00EB0011 /* SlickBackdropView.swift in Sources */ = {isa = PBXBuildFile; fileRef = 8D77387E2D837DFC00EB0011 /* SlickBackdropView.swift */; };
		8D7854D02D652CD200C0AEB6 /* PlayButton.swift in Sources */ = {isa = PBXBuildFile; fileRef = 8D7854CF2D652CD200C0AEB6 /* PlayButton.swift */; };
		8D83EE3C2B0D4C5C00014B5F /* TranslucentFooterVStack.swift in Sources */ = {isa = PBXBuildFile; fileRef = 8D83EE3B2B0D4C5C00014B5F /* TranslucentFooterVStack.swift */; };
		8D83EE3E2B0DBB7C00014B5F /* ScrollableText.swift in Sources */ = {isa = PBXBuildFile; fileRef = 8D83EE3D2B0DBB7C00014B5F /* ScrollableText.swift */; };
		8D84FEA22C091B6400F8C9C3 /* InfoText.swift in Sources */ = {isa = PBXBuildFile; fileRef = 8D84FEA02C091B6400F8C9C3 /* InfoText.swift */; };
		8D84FEA32C091B6400F8C9C3 /* WarningText.swift in Sources */ = {isa = PBXBuildFile; fileRef = 8D84FEA12C091B6400F8C9C3 /* WarningText.swift */; };
		8DA03B432A25B8C900E54149 /* ConditionalHVStack.swift in Sources */ = {isa = PBXBuildFile; fileRef = 8DA03B422A25B8C900E54149 /* ConditionalHVStack.swift */; };
		8DA03B452A25BB0600E54149 /* OptionsMenu.swift in Sources */ = {isa = PBXBuildFile; fileRef = 8DA03B442A25BB0600E54149 /* OptionsMenu.swift */; };
		8DA6458F2B25513500B97ED2 /* InternalBuildDesignation.swift in Sources */ = {isa = PBXBuildFile; fileRef = 8DA6458E2B25513500B97ED2 /* InternalBuildDesignation.swift */; };
		8DA645932B2551FC00B97ED2 /* TextSelectabilityModifier.swift in Sources */ = {isa = PBXBuildFile; fileRef = 8DA645922B2551FC00B97ED2 /* TextSelectabilityModifier.swift */; };
		8DA645952B25521000B97ED2 /* ContinuousButtonModifier.swift in Sources */ = {isa = PBXBuildFile; fileRef = 8DA645942B25521000B97ED2 /* ContinuousButtonModifier.swift */; };
		8DAFBC872B1AE8FE00C0907F /* TopIconBottomTitleLabelStyle.swift in Sources */ = {isa = PBXBuildFile; fileRef = 8DAFBC862B1AE8FE00C0907F /* TopIconBottomTitleLabelStyle.swift */; };
		8DBA56BB2D2DD879005DC013 /* LoadingIndicator.swift in Sources */ = {isa = PBXBuildFile; fileRef = 8DBA56BA2D2DD879005DC013 /* LoadingIndicator.swift */; };
		8DBF07552C6BF4B900023FC7 /* TextSizeSlider.swift in Sources */ = {isa = PBXBuildFile; fileRef = 8DBF07542C6BF4B900023FC7 /* TextSizeSlider.swift */; };
		8DBFCD502B378697009FADFD /* AnimatedSymbolReplacementModifier.swift in Sources */ = {isa = PBXBuildFile; fileRef = 8DBFCD4F2B378697009FADFD /* AnimatedSymbolReplacementModifier.swift */; };
		8DD43B042B61B6C300A8A1E8 /* ContrastingTextEditor.swift in Sources */ = {isa = PBXBuildFile; fileRef = 8DD43B032B61B6C300A8A1E8 /* ContrastingTextEditor.swift */; };
		8DD9745E299DBFB600CED6C4 /* SAMVisualEffectViewSwiftUIRepresentable.swift in Sources */ = {isa = PBXBuildFile; fileRef = 8DD9745D299DBFB600CED6C4 /* SAMVisualEffectViewSwiftUIRepresentable.swift */; };
		8DF1E9402B072B2F00B6D978 /* FormNumericTextField.swift in Sources */ = {isa = PBXBuildFile; fileRef = 8DF1E93F2B072B2F00B6D978 /* FormNumericTextField.swift */; };
		8DF1E9422B072D0900B6D978 /* FormSecureField.swift in Sources */ = {isa = PBXBuildFile; fileRef = 8DF1E9412B072D0900B6D978 /* FormSecureField.swift */; };
		8DF505742813C78E0013E338 /* SAMButtonHighlightColor.swift in Sources */ = {isa = PBXBuildFile; fileRef = 8DF505732813C78E0013E338 /* SAMButtonHighlightColor.swift */; };
		8DF9F4642C9E119C00C108E8 /* ConditionalAccessibilityTraitModifier.swift in Sources */ = {isa = PBXBuildFile; fileRef = 8DF9F4632C9E119C00C108E8 /* ConditionalAccessibilityTraitModifier.swift */; };
/* End PBXBuildFile section */

/* Begin PBXFileReference section */
		8D0A822227DB128F009384D9 /* SheftAppsStylishUI.framework */ = {isa = PBXFileReference; explicitFileType = wrapper.framework; includeInIndex = 0; path = SheftAppsStylishUI.framework; sourceTree = BUILT_PRODUCTS_DIR; };
		8D0A822527DB128F009384D9 /* SheftAppsStylishUI.h */ = {isa = PBXFileReference; lastKnownFileType = sourcecode.c.h; path = SheftAppsStylishUI.h; sourceTree = "<group>"; };
		8D0A822C27DB129B009384D9 /* Globals.swift */ = {isa = PBXFileReference; fileEncoding = 4; lastKnownFileType = sourcecode.swift; path = Globals.swift; sourceTree = "<group>"; };
		8D0A822D27DB129B009384D9 /* SAMButton.swift */ = {isa = PBXFileReference; fileEncoding = 4; lastKnownFileType = sourcecode.swift; path = SAMButton.swift; sourceTree = "<group>"; };
		8D0A822E27DB129C009384D9 /* SAMVerticallyCenteredTextCell.swift */ = {isa = PBXFileReference; fileEncoding = 4; lastKnownFileType = sourcecode.swift; path = SAMVerticallyCenteredTextCell.swift; sourceTree = "<group>"; };
		8D0A822F27DB129C009384D9 /* SAMPopup.swift */ = {isa = PBXFileReference; fileEncoding = 4; lastKnownFileType = sourcecode.swift; path = SAMPopup.swift; sourceTree = "<group>"; };
		8D1015B52B684A9800D10DEC /* ListColorPicker.swift */ = {isa = PBXFileReference; lastKnownFileType = sourcecode.swift; path = ListColorPicker.swift; sourceTree = "<group>"; };
		8D1448A32CA2024E00D1E01E /* CircleCheckboxToggleStyle.swift */ = {isa = PBXFileReference; lastKnownFileType = sourcecode.swift; path = CircleCheckboxToggleStyle.swift; sourceTree = "<group>"; };
		8D2ABA0B2B3642E30094D57B /* ColorComponents.swift */ = {isa = PBXFileReference; lastKnownFileType = sourcecode.swift; path = ColorComponents.swift; sourceTree = "<group>"; };
		8D2ABA0D2B364B680094D57B /* ClearSupportedColorPicker.swift */ = {isa = PBXFileReference; lastKnownFileType = sourcecode.swift; path = ClearSupportedColorPicker.swift; sourceTree = "<group>"; };
		8D34D72E2B58C89600030AB5 /* StateLabelCheckboxToggleStyle.swift */ = {isa = PBXFileReference; lastKnownFileType = sourcecode.swift; path = StateLabelCheckboxToggleStyle.swift; sourceTree = "<group>"; };
		8D3E75432B4F484100522BB8 /* SAMPopupSwiftUIRepresentable.swift */ = {isa = PBXFileReference; lastKnownFileType = sourcecode.swift; path = SAMPopupSwiftUIRepresentable.swift; sourceTree = "<group>"; };
		8D3E75452B4F487800522BB8 /* SAMPulldownSwiftUIRepresentable.swift */ = {isa = PBXFileReference; lastKnownFileType = sourcecode.swift; path = SAMPulldownSwiftUIRepresentable.swift; sourceTree = "<group>"; };
		8D3E75472B4F489E00522BB8 /* FormSAMPopup.swift */ = {isa = PBXFileReference; lastKnownFileType = sourcecode.swift; path = FormSAMPopup.swift; sourceTree = "<group>"; };
		8D3E754A2B50704800522BB8 /* README.md */ = {isa = PBXFileReference; fileEncoding = 4; lastKnownFileType = net.daringfireball.markdown; path = README.md; sourceTree = "<group>"; };
		8D3E75502B5702B500522BB8 /* SAIAccessibleButton.swift */ = {isa = PBXFileReference; lastKnownFileType = sourcecode.swift; path = SAIAccessibleButton.swift; sourceTree = "<group>"; };
		8D3E75582B57597000522BB8 /* SAMButtonSwiftUIRepresentable.swift */ = {isa = PBXFileReference; lastKnownFileType = sourcecode.swift; path = SAMButtonSwiftUIRepresentable.swift; sourceTree = "<group>"; };
		8D5511412B06B4DB00BB61D4 /* FormTextField.swift */ = {isa = PBXFileReference; lastKnownFileType = sourcecode.swift; path = FormTextField.swift; sourceTree = "<group>"; };
		8D5E25062B5CC0F100B51730 /* FormNumericTextFieldStepperVisibilityModifier.swift */ = {isa = PBXFileReference; lastKnownFileType = sourcecode.swift; path = FormNumericTextFieldStepperVisibilityModifier.swift; sourceTree = "<group>"; };
		8D5E250A2B5F20BA00B51730 /* VoicePicker.swift */ = {isa = PBXFileReference; lastKnownFileType = sourcecode.swift; path = VoicePicker.swift; sourceTree = "<group>"; };
		8D5E250D2B5F247900B51730 /* IdentifiableVoiceExtension.swift */ = {isa = PBXFileReference; lastKnownFileType = sourcecode.swift; path = IdentifiableVoiceExtension.swift; sourceTree = "<group>"; };
		8D5E250F2B5F821F00B51730 /* ClosedRangeExtension.swift */ = {isa = PBXFileReference; lastKnownFileType = sourcecode.swift; path = ClosedRangeExtension.swift; sourceTree = "<group>"; };
		8D64DF912B210A3700D7142D /* InfoButton.swift */ = {isa = PBXFileReference; lastKnownFileType = sourcecode.swift; path = InfoButton.swift; sourceTree = "<group>"; };
		8D743DB6281B3CDF007D7264 /* SAMButtonBorderable.swift */ = {isa = PBXFileReference; lastKnownFileType = sourcecode.swift; path = SAMButtonBorderable.swift; sourceTree = "<group>"; };
		8D77387E2D837DFC00EB0011 /* SlickBackdropView.swift */ = {isa = PBXFileReference; lastKnownFileType = sourcecode.swift; path = SlickBackdropView.swift; sourceTree = "<group>"; };
		8D7854CF2D652CD200C0AEB6 /* PlayButton.swift */ = {isa = PBXFileReference; lastKnownFileType = sourcecode.swift; path = PlayButton.swift; sourceTree = "<group>"; };
		8D83EE3B2B0D4C5C00014B5F /* TranslucentFooterVStack.swift */ = {isa = PBXFileReference; lastKnownFileType = sourcecode.swift; path = TranslucentFooterVStack.swift; sourceTree = "<group>"; };
		8D83EE3D2B0DBB7C00014B5F /* ScrollableText.swift */ = {isa = PBXFileReference; lastKnownFileType = sourcecode.swift; path = ScrollableText.swift; sourceTree = "<group>"; };
		8D84FEA02C091B6400F8C9C3 /* InfoText.swift */ = {isa = PBXFileReference; fileEncoding = 4; lastKnownFileType = sourcecode.swift; path = InfoText.swift; sourceTree = "<group>"; };
		8D84FEA12C091B6400F8C9C3 /* WarningText.swift */ = {isa = PBXFileReference; fileEncoding = 4; lastKnownFileType = sourcecode.swift; path = WarningText.swift; sourceTree = "<group>"; };
		8DA03B422A25B8C900E54149 /* ConditionalHVStack.swift */ = {isa = PBXFileReference; lastKnownFileType = sourcecode.swift; path = ConditionalHVStack.swift; sourceTree = "<group>"; };
		8DA03B442A25BB0600E54149 /* OptionsMenu.swift */ = {isa = PBXFileReference; lastKnownFileType = sourcecode.swift; path = OptionsMenu.swift; sourceTree = "<group>"; };
		8DA6458E2B25513500B97ED2 /* InternalBuildDesignation.swift */ = {isa = PBXFileReference; lastKnownFileType = sourcecode.swift; path = InternalBuildDesignation.swift; sourceTree = "<group>"; };
		8DA645922B2551FC00B97ED2 /* TextSelectabilityModifier.swift */ = {isa = PBXFileReference; lastKnownFileType = sourcecode.swift; path = TextSelectabilityModifier.swift; sourceTree = "<group>"; };
		8DA645942B25521000B97ED2 /* ContinuousButtonModifier.swift */ = {isa = PBXFileReference; lastKnownFileType = sourcecode.swift; path = ContinuousButtonModifier.swift; sourceTree = "<group>"; };
		8DAFBC862B1AE8FE00C0907F /* TopIconBottomTitleLabelStyle.swift */ = {isa = PBXFileReference; lastKnownFileType = sourcecode.swift; path = TopIconBottomTitleLabelStyle.swift; sourceTree = "<group>"; };
		8DBA56BA2D2DD879005DC013 /* LoadingIndicator.swift */ = {isa = PBXFileReference; lastKnownFileType = sourcecode.swift; path = LoadingIndicator.swift; sourceTree = "<group>"; };
		8DBF07542C6BF4B900023FC7 /* TextSizeSlider.swift */ = {isa = PBXFileReference; lastKnownFileType = sourcecode.swift; path = TextSizeSlider.swift; sourceTree = "<group>"; };
		8DBFCD4F2B378697009FADFD /* AnimatedSymbolReplacementModifier.swift */ = {isa = PBXFileReference; lastKnownFileType = sourcecode.swift; path = AnimatedSymbolReplacementModifier.swift; sourceTree = "<group>"; };
		8DD43B032B61B6C300A8A1E8 /* ContrastingTextEditor.swift */ = {isa = PBXFileReference; lastKnownFileType = sourcecode.swift; path = ContrastingTextEditor.swift; sourceTree = "<group>"; };
		8DD9745D299DBFB600CED6C4 /* SAMVisualEffectViewSwiftUIRepresentable.swift */ = {isa = PBXFileReference; lastKnownFileType = sourcecode.swift; path = SAMVisualEffectViewSwiftUIRepresentable.swift; sourceTree = "<group>"; };
		8DF1E93F2B072B2F00B6D978 /* FormNumericTextField.swift */ = {isa = PBXFileReference; lastKnownFileType = sourcecode.swift; path = FormNumericTextField.swift; sourceTree = "<group>"; };
		8DF1E9412B072D0900B6D978 /* FormSecureField.swift */ = {isa = PBXFileReference; lastKnownFileType = sourcecode.swift; path = FormSecureField.swift; sourceTree = "<group>"; };
		8DF505732813C78E0013E338 /* SAMButtonHighlightColor.swift */ = {isa = PBXFileReference; lastKnownFileType = sourcecode.swift; path = SAMButtonHighlightColor.swift; sourceTree = "<group>"; };
		8DF9F4632C9E119C00C108E8 /* ConditionalAccessibilityTraitModifier.swift */ = {isa = PBXFileReference; lastKnownFileType = sourcecode.swift; path = ConditionalAccessibilityTraitModifier.swift; sourceTree = "<group>"; };
/* End PBXFileReference section */

/* Begin PBXFrameworksBuildPhase section */
		8D0A821F27DB128F009384D9 /* Frameworks */ = {
			isa = PBXFrameworksBuildPhase;
			buildActionMask = 2147483647;
			files = (
			);
			runOnlyForDeploymentPostprocessing = 0;
		};
/* End PBXFrameworksBuildPhase section */

/* Begin PBXGroup section */
		8D0A821827DB128F009384D9 = {
			isa = PBXGroup;
			children = (
				8D3E754A2B50704800522BB8 /* README.md */,
				8D0A822427DB128F009384D9 /* SheftAppsStylishUI */,
				8D0A822327DB128F009384D9 /* Products */,
			);
			sourceTree = "<group>";
		};
		8D0A822327DB128F009384D9 /* Products */ = {
			isa = PBXGroup;
			children = (
				8D0A822227DB128F009384D9 /* SheftAppsStylishUI.framework */,
			);
			name = Products;
			sourceTree = "<group>";
		};
		8D0A822427DB128F009384D9 /* SheftAppsStylishUI */ = {
			isa = PBXGroup;
			children = (
				8D83EE3F2B0DBFEB00014B5F /* AppKit */,
				8D3E754E2B57029900522BB8 /* UIKit */,
				8D83EE402B0DC00900014B5F /* SwiftUI */,
				8D2BAF4F2CD031460016C61E /* Extensions */,
				8D0A826C27DB21C4009384D9 /* Supporting Files */,
			);
			path = SheftAppsStylishUI;
			sourceTree = "<group>";
		};
		8D0A826C27DB21C4009384D9 /* Supporting Files */ = {
			isa = PBXGroup;
			children = (
				8D0A822C27DB129B009384D9 /* Globals.swift */,
				8DA6458E2B25513500B97ED2 /* InternalBuildDesignation.swift */,
				8D0A822527DB128F009384D9 /* SheftAppsStylishUI.h */,
			);
			path = "Supporting Files";
			sourceTree = "<group>";
		};
		8D2BAF4F2CD031460016C61E /* Extensions */ = {
			isa = PBXGroup;
			children = (
				8D5E250F2B5F821F00B51730 /* ClosedRangeExtension.swift */,
				8D5E250D2B5F247900B51730 /* IdentifiableVoiceExtension.swift */,
			);
			path = Extensions;
			sourceTree = "<group>";
		};
		8D3E75422B4F481900522BB8 /* AppKit SwiftUI Representables */ = {
			isa = PBXGroup;
			children = (
				8D3E75582B57597000522BB8 /* SAMButtonSwiftUIRepresentable.swift */,
				8D3E75432B4F484100522BB8 /* SAMPopupSwiftUIRepresentable.swift */,
				8D3E75452B4F487800522BB8 /* SAMPulldownSwiftUIRepresentable.swift */,
				8D3E75472B4F489E00522BB8 /* FormSAMPopup.swift */,
				8DD9745D299DBFB600CED6C4 /* SAMVisualEffectViewSwiftUIRepresentable.swift */,
			);
			path = "AppKit SwiftUI Representables";
			sourceTree = "<group>";
		};
		8D3E75492B4F49C700522BB8 /* SAMButton Design Supporting Code */ = {
			isa = PBXGroup;
			children = (
				8D743DB6281B3CDF007D7264 /* SAMButtonBorderable.swift */,
				8DF505732813C78E0013E338 /* SAMButtonHighlightColor.swift */,
			);
			path = "SAMButton Design Supporting Code";
			sourceTree = "<group>";
		};
		8D3E754E2B57029900522BB8 /* UIKit */ = {
			isa = PBXGroup;
			children = (
				8D3E754F2B5702A300522BB8 /* Controls */,
			);
			path = UIKit;
			sourceTree = "<group>";
		};
		8D3E754F2B5702A300522BB8 /* Controls */ = {
			isa = PBXGroup;
			children = (
				8D3E75502B5702B500522BB8 /* SAIAccessibleButton.swift */,
			);
			path = Controls;
			sourceTree = "<group>";
		};
		8D5E250C2B5F245E00B51730 /* Extensions */ = {
			isa = PBXGroup;
			children = (
				8D2ABA0B2B3642E30094D57B /* ColorComponents.swift */,
			);
			path = Extensions;
			sourceTree = "<group>";
		};
		8D83EE3F2B0DBFEB00014B5F /* AppKit */ = {
			isa = PBXGroup;
			children = (
				8DC21BDF2B34EF5F006D648F /* Controls */,
				8D3E75492B4F49C700522BB8 /* SAMButton Design Supporting Code */,
			);
			path = AppKit;
			sourceTree = "<group>";
		};
		8D83EE402B0DC00900014B5F /* SwiftUI */ = {
			isa = PBXGroup;
			children = (
				8D3E75422B4F481900522BB8 /* AppKit SwiftUI Representables */,
				8DA645812B2445B900B97ED2 /* Containers and Scenes */,
				8DA645822B2445C800B97ED2 /* Controls */,
				8DC21BDE2B34EF2F006D648F /* Control Styles */,
				8DA645832B2445D200B97ED2 /* Modifiers */,
				8D5E250C2B5F245E00B51730 /* Extensions */,
			);
			path = SwiftUI;
			sourceTree = "<group>";
		};
		8DA645812B2445B900B97ED2 /* Containers and Scenes */ = {
			isa = PBXGroup;
			children = (
				8D77387E2D837DFC00EB0011 /* SlickBackdropView.swift */,
				8DA03B422A25B8C900E54149 /* ConditionalHVStack.swift */,
				8D83EE3B2B0D4C5C00014B5F /* TranslucentFooterVStack.swift */,
			);
			path = "Containers and Scenes";
			sourceTree = "<group>";
		};
		8DA645822B2445C800B97ED2 /* Controls */ = {
			isa = PBXGroup;
			children = (
				8DD43B062B61B90900A8A1E8 /* Buttons, Menus, and Pickers */,
				8DD43B052B61B8ED00A8A1E8 /* Text Entry */,
				8D83EE3D2B0DBB7C00014B5F /* ScrollableText.swift */,
				8D84FEA02C091B6400F8C9C3 /* InfoText.swift */,
				8D84FEA12C091B6400F8C9C3 /* WarningText.swift */,
				8DBF07542C6BF4B900023FC7 /* TextSizeSlider.swift */,
				8DBA56BA2D2DD879005DC013 /* LoadingIndicator.swift */,
			);
			path = Controls;
			sourceTree = "<group>";
		};
		8DA645832B2445D200B97ED2 /* Modifiers */ = {
			isa = PBXGroup;
			children = (
				8DA645922B2551FC00B97ED2 /* TextSelectabilityModifier.swift */,
				8DA645942B25521000B97ED2 /* ContinuousButtonModifier.swift */,
				8DBFCD4F2B378697009FADFD /* AnimatedSymbolReplacementModifier.swift */,
				8D5E25062B5CC0F100B51730 /* FormNumericTextFieldStepperVisibilityModifier.swift */,
				8DF9F4632C9E119C00C108E8 /* ConditionalAccessibilityTraitModifier.swift */,
			);
			path = Modifiers;
			sourceTree = "<group>";
		};
		8DC21BDE2B34EF2F006D648F /* Control Styles */ = {
			isa = PBXGroup;
			children = (
				8DAFBC862B1AE8FE00C0907F /* TopIconBottomTitleLabelStyle.swift */,
				8D34D72E2B58C89600030AB5 /* StateLabelCheckboxToggleStyle.swift */,
				8D1448A32CA2024E00D1E01E /* CircleCheckboxToggleStyle.swift */,
			);
			path = "Control Styles";
			sourceTree = "<group>";
		};
		8DC21BDF2B34EF5F006D648F /* Controls */ = {
			isa = PBXGroup;
			children = (
				8D0A822D27DB129B009384D9 /* SAMButton.swift */,
				8D0A822F27DB129C009384D9 /* SAMPopup.swift */,
				8D0A822E27DB129C009384D9 /* SAMVerticallyCenteredTextCell.swift */,
			);
			path = Controls;
			sourceTree = "<group>";
		};
		8DD43B052B61B8ED00A8A1E8 /* Text Entry */ = {
			isa = PBXGroup;
			children = (
				8D5511412B06B4DB00BB61D4 /* FormTextField.swift */,
				8DF1E93F2B072B2F00B6D978 /* FormNumericTextField.swift */,
				8DF1E9412B072D0900B6D978 /* FormSecureField.swift */,
				8DD43B032B61B6C300A8A1E8 /* ContrastingTextEditor.swift */,
			);
			path = "Text Entry";
			sourceTree = "<group>";
		};
		8DD43B062B61B90900A8A1E8 /* Buttons, Menus, and Pickers */ = {
			isa = PBXGroup;
			children = (
				8DA03B442A25BB0600E54149 /* OptionsMenu.swift */,
				8D64DF912B210A3700D7142D /* InfoButton.swift */,
				8D2ABA0D2B364B680094D57B /* ClearSupportedColorPicker.swift */,
				8D5E250A2B5F20BA00B51730 /* VoicePicker.swift */,
				8D1015B52B684A9800D10DEC /* ListColorPicker.swift */,
				8D7854CF2D652CD200C0AEB6 /* PlayButton.swift */,
			);
			path = "Buttons, Menus, and Pickers";
			sourceTree = "<group>";
		};
/* End PBXGroup section */

/* Begin PBXHeadersBuildPhase section */
		8D0A821D27DB128F009384D9 /* Headers */ = {
			isa = PBXHeadersBuildPhase;
			buildActionMask = 2147483647;
			files = (
				8D0A822627DB128F009384D9 /* SheftAppsStylishUI.h in Headers */,
			);
			runOnlyForDeploymentPostprocessing = 0;
		};
/* End PBXHeadersBuildPhase section */

/* Begin PBXNativeTarget section */
		8D0A822127DB128F009384D9 /* SheftAppsStylishUI */ = {
			isa = PBXNativeTarget;
			buildConfigurationList = 8D0A822927DB128F009384D9 /* Build configuration list for PBXNativeTarget "SheftAppsStylishUI" */;
			buildPhases = (
				8D0A821D27DB128F009384D9 /* Headers */,
				8D0A821E27DB128F009384D9 /* Sources */,
				8D0A821F27DB128F009384D9 /* Frameworks */,
				8D0A822027DB128F009384D9 /* Resources */,
			);
			buildRules = (
			);
			dependencies = (
			);
			name = SheftAppsStylishUI;
			productName = SheftAppsStylishUI;
			productReference = 8D0A822227DB128F009384D9 /* SheftAppsStylishUI.framework */;
			productType = "com.apple.product-type.framework";
		};
/* End PBXNativeTarget section */

/* Begin PBXProject section */
		8D0A821927DB128F009384D9 /* Project object */ = {
			isa = PBXProject;
			attributes = {
				BuildIndependentTargetsInParallel = 1;
				LastUpgradeCheck = 1520;
				ORGANIZATIONNAME = SheftApps;
				TargetAttributes = {
					8D0A822127DB128F009384D9 = {
						CreatedOnToolsVersion = 13.2.1;
						LastSwiftMigration = 1320;
					};
				};
			};
			buildConfigurationList = 8D0A821C27DB128F009384D9 /* Build configuration list for PBXProject "SheftAppsStylishUI" */;
			compatibilityVersion = "Xcode 13.0";
			developmentRegion = en;
			hasScannedForEncodings = 0;
			knownRegions = (
				en,
				Base,
			);
			mainGroup = 8D0A821827DB128F009384D9;
			productRefGroup = 8D0A822327DB128F009384D9 /* Products */;
			projectDirPath = "";
			projectRoot = "";
			targets = (
				8D0A822127DB128F009384D9 /* SheftAppsStylishUI */,
			);
		};
/* End PBXProject section */

/* Begin PBXResourcesBuildPhase section */
		8D0A822027DB128F009384D9 /* Resources */ = {
			isa = PBXResourcesBuildPhase;
			buildActionMask = 2147483647;
			files = (
				8D3E754B2B50704800522BB8 /* README.md in Resources */,
			);
			runOnlyForDeploymentPostprocessing = 0;
		};
/* End PBXResourcesBuildPhase section */

/* Begin PBXSourcesBuildPhase section */
		8D0A821E27DB128F009384D9 /* Sources */ = {
			isa = PBXSourcesBuildPhase;
			buildActionMask = 2147483647;
			files = (
				8D3E75482B4F489E00522BB8 /* FormSAMPopup.swift in Sources */,
				8DA03B452A25BB0600E54149 /* OptionsMenu.swift in Sources */,
				8D83EE3E2B0DBB7C00014B5F /* ScrollableText.swift in Sources */,
				8DA6458F2B25513500B97ED2 /* InternalBuildDesignation.swift in Sources */,
				8D3E75512B5702B500522BB8 /* SAIAccessibleButton.swift in Sources */,
				8DD43B042B61B6C300A8A1E8 /* ContrastingTextEditor.swift in Sources */,
				8D5E25072B5CC0F100B51730 /* FormNumericTextFieldStepperVisibilityModifier.swift in Sources */,
				8D5E250B2B5F20BA00B51730 /* VoicePicker.swift in Sources */,
				8D83EE3C2B0D4C5C00014B5F /* TranslucentFooterVStack.swift in Sources */,
				8DF9F4642C9E119C00C108E8 /* ConditionalAccessibilityTraitModifier.swift in Sources */,
				8D3E75592B57597000522BB8 /* SAMButtonSwiftUIRepresentable.swift in Sources */,
				8D84FEA22C091B6400F8C9C3 /* InfoText.swift in Sources */,
				8DBA56BB2D2DD879005DC013 /* LoadingIndicator.swift in Sources */,
				8D64DF922B210A3700D7142D /* InfoButton.swift in Sources */,
				8DBF07552C6BF4B900023FC7 /* TextSizeSlider.swift in Sources */,
				8D5511422B06B4DB00BB61D4 /* FormTextField.swift in Sources */,
				8DA645932B2551FC00B97ED2 /* TextSelectabilityModifier.swift in Sources */,
				8D1015B62B684A9800D10DEC /* ListColorPicker.swift in Sources */,
				8D743DB7281B3CDF007D7264 /* SAMButtonBorderable.swift in Sources */,
				8DAFBC872B1AE8FE00C0907F /* TopIconBottomTitleLabelStyle.swift in Sources */,
				8DF1E9422B072D0900B6D978 /* FormSecureField.swift in Sources */,
				8DBFCD502B378697009FADFD /* AnimatedSymbolReplacementModifier.swift in Sources */,
				8D0A823327DB129C009384D9 /* SAMPopup.swift in Sources */,
				8D3E75442B4F484100522BB8 /* SAMPopupSwiftUIRepresentable.swift in Sources */,
				8D7854D02D652CD200C0AEB6 /* PlayButton.swift in Sources */,
				8D2ABA0E2B364B680094D57B /* ClearSupportedColorPicker.swift in Sources */,
				8D0A823027DB129C009384D9 /* Globals.swift in Sources */,
				8D0A823227DB129C009384D9 /* SAMVerticallyCenteredTextCell.swift in Sources */,
				8D2ABA0C2B3642E30094D57B /* ColorComponents.swift in Sources */,
				8DA03B432A25B8C900E54149 /* ConditionalHVStack.swift in Sources */,
				8DF1E9402B072B2F00B6D978 /* FormNumericTextField.swift in Sources */,
				8D77387F2D837DFC00EB0011 /* SlickBackdropView.swift in Sources */,
				8D1448A42CA2024E00D1E01E /* CircleCheckboxToggleStyle.swift in Sources */,
				8DA645952B25521000B97ED2 /* ContinuousButtonModifier.swift in Sources */,
				8D5E25102B5F821F00B51730 /* ClosedRangeExtension.swift in Sources */,
				8D5E250E2B5F247900B51730 /* IdentifiableVoiceExtension.swift in Sources */,
				8DD9745E299DBFB600CED6C4 /* SAMVisualEffectViewSwiftUIRepresentable.swift in Sources */,
				8D84FEA32C091B6400F8C9C3 /* WarningText.swift in Sources */,
				8D3E75462B4F487800522BB8 /* SAMPulldownSwiftUIRepresentable.swift in Sources */,
				8D34D72F2B58C89600030AB5 /* StateLabelCheckboxToggleStyle.swift in Sources */,
				8D0A823127DB129C009384D9 /* SAMButton.swift in Sources */,
				8DF505742813C78E0013E338 /* SAMButtonHighlightColor.swift in Sources */,
			);
			runOnlyForDeploymentPostprocessing = 0;
		};
/* End PBXSourcesBuildPhase section */

/* Begin XCBuildConfiguration section */
		8D0A822727DB128F009384D9 /* Debug */ = {
			isa = XCBuildConfiguration;
			buildSettings = {
				ALWAYS_SEARCH_USER_PATHS = NO;
				ASSETCATALOG_COMPILER_GENERATE_SWIFT_ASSET_SYMBOL_EXTENSIONS = YES;
				CLANG_ANALYZER_NONNULL = YES;
				CLANG_ANALYZER_NUMBER_OBJECT_CONVERSION = YES_AGGRESSIVE;
				CLANG_CXX_LANGUAGE_STANDARD = "gnu++17";
				CLANG_CXX_LIBRARY = "libc++";
				CLANG_ENABLE_MODULES = YES;
				CLANG_ENABLE_OBJC_ARC = YES;
				CLANG_ENABLE_OBJC_WEAK = YES;
				CLANG_WARN_BLOCK_CAPTURE_AUTORELEASING = YES;
				CLANG_WARN_BOOL_CONVERSION = YES;
				CLANG_WARN_COMMA = YES;
				CLANG_WARN_CONSTANT_CONVERSION = YES;
				CLANG_WARN_DEPRECATED_OBJC_IMPLEMENTATIONS = YES;
				CLANG_WARN_DIRECT_OBJC_ISA_USAGE = YES_ERROR;
				CLANG_WARN_DOCUMENTATION_COMMENTS = YES;
				CLANG_WARN_EMPTY_BODY = YES;
				CLANG_WARN_ENUM_CONVERSION = YES;
				CLANG_WARN_INFINITE_RECURSION = YES;
				CLANG_WARN_INT_CONVERSION = YES;
				CLANG_WARN_NON_LITERAL_NULL_CONVERSION = YES;
				CLANG_WARN_OBJC_IMPLICIT_RETAIN_SELF = YES;
				CLANG_WARN_OBJC_LITERAL_CONVERSION = YES;
				CLANG_WARN_OBJC_ROOT_CLASS = YES_ERROR;
				CLANG_WARN_QUOTED_INCLUDE_IN_FRAMEWORK_HEADER = YES;
				CLANG_WARN_RANGE_LOOP_ANALYSIS = YES;
				CLANG_WARN_STRICT_PROTOTYPES = YES;
				CLANG_WARN_SUSPICIOUS_MOVE = YES;
				CLANG_WARN_UNGUARDED_AVAILABILITY = YES_AGGRESSIVE;
				CLANG_WARN_UNREACHABLE_CODE = YES;
				CLANG_WARN__DUPLICATE_METHOD_MATCH = YES;
				COPY_PHASE_STRIP = NO;
				CURRENT_PROJECT_VERSION = 1;
				DEAD_CODE_STRIPPING = YES;
				DEBUG_INFORMATION_FORMAT = dwarf;
				ENABLE_STRICT_OBJC_MSGSEND = YES;
				ENABLE_TESTABILITY = YES;
				ENABLE_USER_SCRIPT_SANDBOXING = YES;
				GCC_C_LANGUAGE_STANDARD = gnu11;
				GCC_DYNAMIC_NO_PIC = NO;
				GCC_NO_COMMON_BLOCKS = YES;
				GCC_OPTIMIZATION_LEVEL = 0;
				GCC_PREPROCESSOR_DEFINITIONS = (
					"DEBUG=1",
					"$(inherited)",
				);
				GCC_WARN_64_TO_32_BIT_CONVERSION = YES;
				GCC_WARN_ABOUT_RETURN_TYPE = YES_ERROR;
				GCC_WARN_UNDECLARED_SELECTOR = YES;
				GCC_WARN_UNINITIALIZED_AUTOS = YES_AGGRESSIVE;
				GCC_WARN_UNUSED_FUNCTION = YES;
				GCC_WARN_UNUSED_VARIABLE = YES;
				INFOPLIST_KEY_NSHumanReadableCopyright = "Copyright © 2022-2025 SheftApps. All rights reserved.";
				MTL_ENABLE_DEBUG_INFO = INCLUDE_SOURCE;
				MTL_FAST_MATH = YES;
				ONLY_ACTIVE_ARCH = YES;
				SDKROOT = macosx;
				SWIFT_ACTIVE_COMPILATION_CONDITIONS = DEBUG;
				SWIFT_OPTIMIZATION_LEVEL = "-Onone";
				VERSIONING_SYSTEM = "apple-generic";
				VERSION_INFO_PREFIX = "";
			};
			name = Debug;
		};
		8D0A822827DB128F009384D9 /* Release */ = {
			isa = XCBuildConfiguration;
			buildSettings = {
				ALWAYS_SEARCH_USER_PATHS = NO;
				ASSETCATALOG_COMPILER_GENERATE_SWIFT_ASSET_SYMBOL_EXTENSIONS = YES;
				CLANG_ANALYZER_NONNULL = YES;
				CLANG_ANALYZER_NUMBER_OBJECT_CONVERSION = YES_AGGRESSIVE;
				CLANG_CXX_LANGUAGE_STANDARD = "gnu++17";
				CLANG_CXX_LIBRARY = "libc++";
				CLANG_ENABLE_MODULES = YES;
				CLANG_ENABLE_OBJC_ARC = YES;
				CLANG_ENABLE_OBJC_WEAK = YES;
				CLANG_WARN_BLOCK_CAPTURE_AUTORELEASING = YES;
				CLANG_WARN_BOOL_CONVERSION = YES;
				CLANG_WARN_COMMA = YES;
				CLANG_WARN_CONSTANT_CONVERSION = YES;
				CLANG_WARN_DEPRECATED_OBJC_IMPLEMENTATIONS = YES;
				CLANG_WARN_DIRECT_OBJC_ISA_USAGE = YES_ERROR;
				CLANG_WARN_DOCUMENTATION_COMMENTS = YES;
				CLANG_WARN_EMPTY_BODY = YES;
				CLANG_WARN_ENUM_CONVERSION = YES;
				CLANG_WARN_INFINITE_RECURSION = YES;
				CLANG_WARN_INT_CONVERSION = YES;
				CLANG_WARN_NON_LITERAL_NULL_CONVERSION = YES;
				CLANG_WARN_OBJC_IMPLICIT_RETAIN_SELF = YES;
				CLANG_WARN_OBJC_LITERAL_CONVERSION = YES;
				CLANG_WARN_OBJC_ROOT_CLASS = YES_ERROR;
				CLANG_WARN_QUOTED_INCLUDE_IN_FRAMEWORK_HEADER = YES;
				CLANG_WARN_RANGE_LOOP_ANALYSIS = YES;
				CLANG_WARN_STRICT_PROTOTYPES = YES;
				CLANG_WARN_SUSPICIOUS_MOVE = YES;
				CLANG_WARN_UNGUARDED_AVAILABILITY = YES_AGGRESSIVE;
				CLANG_WARN_UNREACHABLE_CODE = YES;
				CLANG_WARN__DUPLICATE_METHOD_MATCH = YES;
				COPY_PHASE_STRIP = NO;
				CURRENT_PROJECT_VERSION = 1;
				DEAD_CODE_STRIPPING = YES;
				DEBUG_INFORMATION_FORMAT = "dwarf-with-dsym";
				ENABLE_NS_ASSERTIONS = NO;
				ENABLE_STRICT_OBJC_MSGSEND = YES;
				ENABLE_USER_SCRIPT_SANDBOXING = YES;
				GCC_C_LANGUAGE_STANDARD = gnu11;
				GCC_NO_COMMON_BLOCKS = YES;
				GCC_WARN_64_TO_32_BIT_CONVERSION = YES;
				GCC_WARN_ABOUT_RETURN_TYPE = YES_ERROR;
				GCC_WARN_UNDECLARED_SELECTOR = YES;
				GCC_WARN_UNINITIALIZED_AUTOS = YES_AGGRESSIVE;
				GCC_WARN_UNUSED_FUNCTION = YES;
				GCC_WARN_UNUSED_VARIABLE = YES;
				INFOPLIST_KEY_NSHumanReadableCopyright = "Copyright © 2022-2025 SheftApps. All rights reserved.";
				MTL_ENABLE_DEBUG_INFO = NO;
				MTL_FAST_MATH = YES;
				SDKROOT = macosx;
				SWIFT_COMPILATION_MODE = wholemodule;
				SWIFT_OPTIMIZATION_LEVEL = "-O";
				VERSIONING_SYSTEM = "apple-generic";
				VERSION_INFO_PREFIX = "";
			};
			name = Release;
		};
		8D0A822A27DB128F009384D9 /* Debug */ = {
			isa = XCBuildConfiguration;
			buildSettings = {
				ALLOW_TARGET_PLATFORM_SPECIALIZATION = YES;
				CLANG_ENABLE_MODULES = YES;
				CODE_SIGN_IDENTITY = "";
				"CODE_SIGN_IDENTITY[sdk=driverkit*]" = "-";
				"CODE_SIGN_IDENTITY[sdk=macosx*]" = "-";
				CODE_SIGN_STYLE = Automatic;
				COMBINE_HIDPI_IMAGES = YES;
				CURRENT_PROJECT_VERSION = 2025.3;
				DEAD_CODE_STRIPPING = YES;
				DEFINES_MODULE = YES;
				DEVELOPMENT_TEAM = 3B6G4T54X3;
				DRIVERKIT_DEPLOYMENT_TARGET = 22.1;
				DYLIB_COMPATIBILITY_VERSION = 1;
				DYLIB_CURRENT_VERSION = 1;
				DYLIB_INSTALL_NAME_BASE = "@rpath";
				ENABLE_MODULE_VERIFIER = YES;
				GENERATE_INFOPLIST_FILE = YES;
				INFOPLIST_KEY_NSHumanReadableCopyright = "Copyright © 2022-2025 SheftApps. All rights reserved.";
				INSTALL_PATH = "$(LOCAL_LIBRARY_DIR)/Frameworks";
				IPHONEOS_DEPLOYMENT_TARGET = 16.0;
				LD_RUNPATH_SEARCH_PATHS = (
					"$(inherited)",
					"@executable_path/../Frameworks",
					"@loader_path/Frameworks",
				);
				MACOSX_DEPLOYMENT_TARGET = 13.0;
				MARKETING_VERSION = 2025.3;
				MODULE_VERIFIER_SUPPORTED_LANGUAGES = "objective-c objective-c++";
				MODULE_VERIFIER_SUPPORTED_LANGUAGE_STANDARDS = "gnu11 gnu++17";
				MODULE_VERSION = 2025.5;
				ONLY_ACTIVE_ARCH = NO;
				PRODUCT_BUNDLE_IDENTIFIER = com.tylersheft.SheftAppsStylishUI;
				PRODUCT_NAME = "$(TARGET_NAME:c99extidentifier)";
				RESOURCES_TARGETED_DEVICE_FAMILY = "";
				SDKROOT = macosx;
				SKIP_INSTALL = YES;
				SUPPORTED_PLATFORMS = "$(AVAILABLE_PLATFORMS)";
				SUPPORTS_MACCATALYST = YES;
				SUPPORTS_MAC_DESIGNED_FOR_IPHONE_IPAD = YES;
				SUPPORTS_XR_DESIGNED_FOR_IPHONE_IPAD = YES;
				SWIFT_EMIT_LOC_STRINGS = YES;
				SWIFT_OPTIMIZATION_LEVEL = "-Onone";
				SWIFT_VERSION = 5.0;
				TARGETED_DEVICE_FAMILY = "1,2,3,4,6,7";
				TVOS_DEPLOYMENT_TARGET = 16.0;
				WATCHOS_DEPLOYMENT_TARGET = 9.0;
				XROS_DEPLOYMENT_TARGET = 1.0;
			};
			name = Debug;
		};
		8D0A822B27DB128F009384D9 /* Release */ = {
			isa = XCBuildConfiguration;
			buildSettings = {
				ALLOW_TARGET_PLATFORM_SPECIALIZATION = YES;
				CLANG_ENABLE_MODULES = YES;
				CODE_SIGN_IDENTITY = "";
				"CODE_SIGN_IDENTITY[sdk=driverkit*]" = "-";
				"CODE_SIGN_IDENTITY[sdk=macosx*]" = "-";
				CODE_SIGN_STYLE = Automatic;
				COMBINE_HIDPI_IMAGES = YES;
				CURRENT_PROJECT_VERSION = 2025.3;
				DEAD_CODE_STRIPPING = YES;
				DEFINES_MODULE = YES;
				DEVELOPMENT_TEAM = 3B6G4T54X3;
				DRIVERKIT_DEPLOYMENT_TARGET = 22.1;
				DYLIB_COMPATIBILITY_VERSION = 1;
				DYLIB_CURRENT_VERSION = 1;
				DYLIB_INSTALL_NAME_BASE = "@rpath";
				ENABLE_MODULE_VERIFIER = YES;
				GENERATE_INFOPLIST_FILE = YES;
				INFOPLIST_KEY_NSHumanReadableCopyright = "Copyright © 2022-2025 SheftApps. All rights reserved.";
				INSTALL_PATH = "$(LOCAL_LIBRARY_DIR)/Frameworks";
				IPHONEOS_DEPLOYMENT_TARGET = 16.0;
				LD_RUNPATH_SEARCH_PATHS = (
					"$(inherited)",
					"@executable_path/../Frameworks",
					"@loader_path/Frameworks",
				);
				MACOSX_DEPLOYMENT_TARGET = 13.0;
				MARKETING_VERSION = 2025.3;
				MODULE_VERIFIER_SUPPORTED_LANGUAGES = "objective-c objective-c++";
				MODULE_VERIFIER_SUPPORTED_LANGUAGE_STANDARDS = "gnu11 gnu++17";
				MODULE_VERSION = 2025.5;
				PRODUCT_BUNDLE_IDENTIFIER = com.tylersheft.SheftAppsStylishUI;
				PRODUCT_NAME = "$(TARGET_NAME:c99extidentifier)";
				RESOURCES_TARGETED_DEVICE_FAMILY = "";
				SDKROOT = macosx;
				SKIP_INSTALL = YES;
				SUPPORTED_PLATFORMS = "$(AVAILABLE_PLATFORMS)";
				SUPPORTS_MACCATALYST = YES;
				SUPPORTS_MAC_DESIGNED_FOR_IPHONE_IPAD = YES;
				SUPPORTS_XR_DESIGNED_FOR_IPHONE_IPAD = YES;
				SWIFT_EMIT_LOC_STRINGS = YES;
				SWIFT_VERSION = 5.0;
				TARGETED_DEVICE_FAMILY = "1,2,3,4,6,7";
				TVOS_DEPLOYMENT_TARGET = 16.0;
				WATCHOS_DEPLOYMENT_TARGET = 9.0;
				XROS_DEPLOYMENT_TARGET = 1.0;
			};
			name = Release;
		};
/* End XCBuildConfiguration section */

/* Begin XCConfigurationList section */
		8D0A821C27DB128F009384D9 /* Build configuration list for PBXProject "SheftAppsStylishUI" */ = {
			isa = XCConfigurationList;
			buildConfigurations = (
				8D0A822727DB128F009384D9 /* Debug */,
				8D0A822827DB128F009384D9 /* Release */,
			);
			defaultConfigurationIsVisible = 0;
			defaultConfigurationName = Release;
		};
		8D0A822927DB128F009384D9 /* Build configuration list for PBXNativeTarget "SheftAppsStylishUI" */ = {
			isa = XCConfigurationList;
			buildConfigurations = (
				8D0A822A27DB128F009384D9 /* Debug */,
				8D0A822B27DB128F009384D9 /* Release */,
			);
			defaultConfigurationIsVisible = 0;
			defaultConfigurationName = Release;
		};
/* End XCConfigurationList section */
	};
	rootObject = 8D0A821927DB128F009384D9 /* Project object */;
}
